# This file was autogenerated by Stack.
# You should not edit this file by hand.
# For more information, please see the documentation at:
#   https://docs.haskellstack.org/en/stable/lock_files

packages:
- completed:
    hackage: HaTeX-3.20.0.0@sha256:734e4a017c1c18c332a67be7139b1099a805ddbeeaae11fade723076e4077805,5339
    pantry-tree:
      size: 6794
      sha256: 7461275e8a5df42383421674c0781fc9afc6f0ffd177db959afac76cb19065f9
  original:
    hackage: HaTeX-3.20.0.0
snapshots:
- completed:
    size: 504553
    url: https://raw.githubusercontent.com/commercialhaskell/stackage-snapshots/master/lts/12/13.yaml
    sha256: 8bf2a28cdf049f056ec71c0e61a731ba9400c1f01ee15a73d815519d842437f2
  original: lts-12.13
